// !$*UTF8*$!
{
	archiveVersion = 1;
	classes = {
	};
	objectVersion = 46;
	objects = {

/* Begin PBXBuildFile section */
		81B9A9E41D6076B500C1ED0C /* pokemon.csv in Resources */ = {isa = PBXBuildFile; fileRef = 81B9A9E31D6076B500C1ED0C /* pokemon.csv */; };
		81B9A9E71D60797000C1ED0C /* Pokemon.swift in Sources */ = {isa = PBXBuildFile; fileRef = 81B9A9E61D60797000C1ED0C /* Pokemon.swift */; };
		81B9A9EA1D6087E600C1ED0C /* PokeCell.swift in Sources */ = {isa = PBXBuildFile; fileRef = 81B9A9E91D6087E600C1ED0C /* PokeCell.swift */; };
		81C793761D606DD9004C7954 /* AppDelegate.swift in Sources */ = {isa = PBXBuildFile; fileRef = 81C793751D606DD9004C7954 /* AppDelegate.swift */; };
		81C793781D606DD9004C7954 /* ViewController.swift in Sources */ = {isa = PBXBuildFile; fileRef = 81C793771D606DD9004C7954 /* ViewController.swift */; };
		81C7937B1D606DD9004C7954 /* Main.storyboard in Resources */ = {isa = PBXBuildFile; fileRef = 81C793791D606DD9004C7954 /* Main.storyboard */; };
		81C7937D1D606DD9004C7954 /* Assets.xcassets in Resources */ = {isa = PBXBuildFile; fileRef = 81C7937C1D606DD9004C7954 /* Assets.xcassets */; };
		81C793801D606DD9004C7954 /* LaunchScreen.storyboard in Resources */ = {isa = PBXBuildFile; fileRef = 81C7937E1D606DD9004C7954 /* LaunchScreen.storyboard */; };
/* End PBXBuildFile section */

/* Begin PBXFileReference section */
		81B9A9E31D6076B500C1ED0C /* pokemon.csv */ = {isa = PBXFileReference; fileEncoding = 4; lastKnownFileType = text; path = pokemon.csv; sourceTree = "<group>"; };
		81B9A9E61D60797000C1ED0C /* Pokemon.swift */ = {isa = PBXFileReference; fileEncoding = 4; lastKnownFileType = sourcecode.swift; path = Pokemon.swift; sourceTree = "<group>"; };
		81B9A9E91D6087E600C1ED0C /* PokeCell.swift */ = {isa = PBXFileReference; fileEncoding = 4; lastKnownFileType = sourcecode.swift; path = PokeCell.swift; sourceTree = "<group>"; };
		81C793721D606DD9004C7954 /* pokedex3.app */ = {isa = PBXFileReference; explicitFileType = wrapper.application; includeInIndex = 0; path = pokedex3.app; sourceTree = BUILT_PRODUCTS_DIR; };
		81C793751D606DD9004C7954 /* AppDelegate.swift */ = {isa = PBXFileReference; lastKnownFileType = sourcecode.swift; path = AppDelegate.swift; sourceTree = "<group>"; };
		81C793771D606DD9004C7954 /* ViewController.swift */ = {isa = PBXFileReference; lastKnownFileType = sourcecode.swift; path = ViewController.swift; sourceTree = "<group>"; };
		81C7937A1D606DD9004C7954 /* Base */ = {isa = PBXFileReference; lastKnownFileType = file.storyboard; name = Base; path = Base.lproj/Main.storyboard; sourceTree = "<group>"; };
		81C7937C1D606DD9004C7954 /* Assets.xcassets */ = {isa = PBXFileReference; lastKnownFileType = folder.assetcatalog; path = Assets.xcassets; sourceTree = "<group>"; };
		81C7937F1D606DD9004C7954 /* Base */ = {isa = PBXFileReference; lastKnownFileType = file.storyboard; name = Base; path = Base.lproj/LaunchScreen.storyboard; sourceTree = "<group>"; };
		81C793811D606DD9004C7954 /* Info.plist */ = {isa = PBXFileReference; lastKnownFileType = text.plist.xml; path = Info.plist; sourceTree = "<group>"; };
/* End PBXFileReference section */

/* Begin PBXFrameworksBuildPhase section */
		81C7936F1D606DD9004C7954 /* Frameworks */ = {
			isa = PBXFrameworksBuildPhase;
			buildActionMask = 2147483647;
			files = (
			);
			runOnlyForDeploymentPostprocessing = 0;
		};
/* End PBXFrameworksBuildPhase section */

/* Begin PBXGroup section */
		81B9A9E51D60795300C1ED0C /* Model */ = {
			isa = PBXGroup;
			children = (
				81B9A9E61D60797000C1ED0C /* Pokemon.swift */,
			);
			name = Model;
			sourceTree = "<group>";
		};
		81B9A9E81D6087B600C1ED0C /* View */ = {
			isa = PBXGroup;
			children = (
				81B9A9E91D6087E600C1ED0C /* PokeCell.swift */,
			);
			name = View;
			sourceTree = "<group>";
		};
		81C793691D606DD9004C7954 = {
			isa = PBXGroup;
			children = (
				81C793741D606DD9004C7954 /* pokedex3 */,
				81C793731D606DD9004C7954 /* Products */,
			);
			sourceTree = "<group>";
		};
		81C793731D606DD9004C7954 /* Products */ = {
			isa = PBXGroup;
			children = (
				81C793721D606DD9004C7954 /* pokedex3.app */,
			);
			name = Products;
			sourceTree = "<group>";
		};
		81C793741D606DD9004C7954 /* pokedex3 */ = {
			isa = PBXGroup;
			children = (
				81B9A9E81D6087B600C1ED0C /* View */,
				81B9A9E51D60795300C1ED0C /* Model */,
				81C793751D606DD9004C7954 /* AppDelegate.swift */,
				81C793771D606DD9004C7954 /* ViewController.swift */,
				81C793791D606DD9004C7954 /* Main.storyboard */,
				81C7937C1D606DD9004C7954 /* Assets.xcassets */,
				81B9A9E31D6076B500C1ED0C /* pokemon.csv */,
				81C7937E1D606DD9004C7954 /* LaunchScreen.storyboard */,
				81C793811D606DD9004C7954 /* Info.plist */,
			);
			path = pokedex3;
			sourceTree = "<group>";
		};
/* End PBXGroup section */

/* Begin PBXNativeTarget section */
		81C793711D606DD9004C7954 /* pokedex3 */ = {
			isa = PBXNativeTarget;
			buildConfigurationList = 81C793841D606DD9004C7954 /* Build configuration list for PBXNativeTarget "pokedex3" */;
			buildPhases = (
				81C7936E1D606DD9004C7954 /* Sources */,
				81C7936F1D606DD9004C7954 /* Frameworks */,
				81C793701D606DD9004C7954 /* Resources */,
			);
			buildRules = (
			);
			dependencies = (
			);
			name = pokedex3;
			productName = pokedex3;
			productReference = 81C793721D606DD9004C7954 /* pokedex3.app */;
			productType = "com.apple.product-type.application";
		};
/* End PBXNativeTarget section */

/* Begin PBXProject section */
		81C7936A1D606DD9004C7954 /* Project object */ = {
			isa = PBXProject;
			attributes = {
				LastSwiftUpdateCheck = 0800;
				LastUpgradeCheck = 0800;
				ORGANIZATIONNAME = iDeviOS;
				TargetAttributes = {
					81C793711D606DD9004C7954 = {
						CreatedOnToolsVersion = 8.0;
						DevelopmentTeam = J57HZNN3MN;
						ProvisioningStyle = Automatic;
					};
				};
			};
			buildConfigurationList = 81C7936D1D606DD9004C7954 /* Build configuration list for PBXProject "pokedex3" */;
			compatibilityVersion = "Xcode 3.2";
			developmentRegion = English;
			hasScannedForEncodings = 0;
			knownRegions = (
				en,
				Base,
			);
			mainGroup = 81C793691D606DD9004C7954;
			productRefGroup = 81C793731D606DD9004C7954 /* Products */;
			projectDirPath = "";
			projectRoot = "";
			targets = (
				81C793711D606DD9004C7954 /* pokedex3 */,
			);
		};
/* End PBXProject section */

/* Begin PBXResourcesBuildPhase section */
		81C793701D606DD9004C7954 /* Resources */ = {
			isa = PBXResourcesBuildPhase;
			buildActionMask = 2147483647;
			files = (
				81C793801D606DD9004C7954 /* LaunchScreen.storyboard in Resources */,
				81C7937D1D606DD9004C7954 /* Assets.xcassets in Resources */,
				81B9A9E41D6076B500C1ED0C /* pokemon.csv in Resources */,
				81C7937B1D606DD9004C7954 /* Main.storyboard in Resources */,
			);
			runOnlyForDeploymentPostprocessing = 0;
		};
/* End PBXResourcesBuildPhase section */

/* Begin PBXSourcesBuildPhase section */
		81C7936E1D606DD9004C7954 /* Sources */ = {
			isa = PBXSourcesBuildPhase;
			buildActionMask = 2147483647;
			files = (
				81B9A9EA1D6087E600C1ED0C /* PokeCell.swift in Sources */,
				81C793781D606DD9004C7954 /* ViewController.swift in Sources */,
				81C793761D606DD9004C7954 /* AppDelegate.swift in Sources */,
				81B9A9E71D60797000C1ED0C /* Pokemon.swift in Sources */,
			);
			runOnlyForDeploymentPostprocessing = 0;
		};
/* End PBXSourcesBuildPhase section */

/* Begin PBXVariantGroup section */
		81C793791D606DD9004C7954 /* Main.storyboard */ = {
			isa = PBXVariantGroup;
			children = (
				81C7937A1D606DD9004C7954 /* Base */,
			);
			name = Main.storyboard;
			sourceTree = "<group>";
		};
		81C7937E1D606DD9004C7954 /* LaunchScreen.storyboard */ = {
			isa = PBXVariantGroup;
			children = (
				81C7937F1D606DD9004C7954 /* Base */,
			);
			name = LaunchScreen.storyboard;
			sourceTree = "<group>";
		};
/* End PBXVariantGroup section */

/* Begin XCBuildConfiguration section */
		81C793821D606DD9004C7954 /* Debug */ = {
			isa = XCBuildConfiguration;
			buildSettings = {
				ALWAYS_SEARCH_USER_PATHS = NO;
				CLANG_ANALYZER_NONNULL = YES;
				CLANG_CXX_LANGUAGE_STANDARD = "gnu++0x";
				CLANG_CXX_LIBRARY = "libc++";
				CLANG_ENABLE_MODULES = YES;
				CLANG_ENABLE_OBJC_ARC = YES;
				CLANG_WARN_BOOL_CONVERSION = YES;
				CLANG_WARN_CONSTANT_CONVERSION = YES;
				CLANG_WARN_DIRECT_OBJC_ISA_USAGE = YES_ERROR;
				CLANG_WARN_DOCUMENTATION_COMMENTS = YES;
				CLANG_WARN_EMPTY_BODY = YES;
				CLANG_WARN_ENUM_CONVERSION = YES;
				CLANG_WARN_INFINITE_RECURSION = YES;
				CLANG_WARN_INT_CONVERSION = YES;
				CLANG_WARN_OBJC_ROOT_CLASS = YES_ERROR;
				CLANG_WARN_SUSPICIOUS_MOVES = YES;
				CLANG_WARN_UNREACHABLE_CODE = YES;
				CLANG_WARN__DUPLICATE_METHOD_MATCH = YES;
				"CODE_SIGN_IDENTITY[sdk=iphoneos*]" = "iPhone Developer";
				COPY_PHASE_STRIP = NO;
				DEBUG_INFORMATION_FORMAT = dwarf;
				ENABLE_STRICT_OBJC_MSGSEND = YES;
				ENABLE_TESTABILITY = YES;
				GCC_C_LANGUAGE_STANDARD = gnu99;
				GCC_DYNAMIC_NO_PIC = NO;
				GCC_NO_COMMON_BLOCKS = YES;
				GCC_OPTIMIZATION_LEVEL = 0;
				GCC_PREPROCESSOR_DEFINITIONS = (
					"DEBUG=1",
					"$(inherited)",
				);
				GCC_WARN_64_TO_32_BIT_CONVERSION = YES;
				GCC_WARN_ABOUT_RETURN_TYPE = YES_ERROR;
				GCC_WARN_UNDECLARED_SELECTOR = YES;
				GCC_WARN_UNINITIALIZED_AUTOS = YES_AGGRESSIVE;
				GCC_WARN_UNUSED_FUNCTION = YES;
				GCC_WARN_UNUSED_VARIABLE = YES;
				IPHONEOS_DEPLOYMENT_TARGET = 10.0;
				MTL_ENABLE_DEBUG_INFO = YES;
				ONLY_ACTIVE_ARCH = YES;
				SDKROOT = iphoneos;
				SWIFT_ACTIVE_COMPILATION_CONDITIONS = DEBUG;
				SWIFT_OPTIMIZATION_LEVEL = "-Onone";
				TARGETED_DEVICE_FAMILY = "1,2";
			};
			name = Debug;
		};
		81C793831D606DD9004C7954 /* Release */ = {
			isa = XCBuildConfiguration;
			buildSettings = {
				ALWAYS_SEARCH_USER_PATHS = NO;
				CLANG_ANALYZER_NONNULL = YES;
				CLANG_CXX_LANGUAGE_STANDARD = "gnu++0x";
				CLANG_CXX_LIBRARY = "libc++";
				CLANG_ENABLE_MODULES = YES;
				CLANG_ENABLE_OBJC_ARC = YES;
				CLANG_WARN_BOOL_CONVERSION = YES;
				CLANG_WARN_CONSTANT_CONVERSION = YES;
				CLANG_WARN_DIRECT_OBJC_ISA_USAGE = YES_ERROR;
				CLANG_WARN_DOCUMENTATION_COMMENTS = YES;
				CLANG_WARN_EMPTY_BODY = YES;
				CLANG_WARN_ENUM_CONVERSION = YES;
				CLANG_WARN_INFINITE_RECURSION = YES;
				CLANG_WARN_INT_CONVERSION = YES;
				CLANG_WARN_OBJC_ROOT_CLASS = YES_ERROR;
				CLANG_WARN_SUSPICIOUS_MOVES = YES;
				CLANG_WARN_UNREACHABLE_CODE = YES;
				CLANG_WARN__DUPLICATE_METHOD_MATCH = YES;
				"CODE_SIGN_IDENTITY[sdk=iphoneos*]" = "iPhone Developer";
				COPY_PHASE_STRIP = NO;
				DEBUG_INFORMATION_FORMAT = "dwarf-with-dsym";
				ENABLE_NS_ASSERTIONS = NO;
				ENABLE_STRICT_OBJC_MSGSEND = YES;
				GCC_C_LANGUAGE_STANDARD = gnu99;
				GCC_NO_COMMON_BLOCKS = YES;
				GCC_WARN_64_TO_32_BIT_CONVERSION = YES;
				GCC_WARN_ABOUT_RETURN_TYPE = YES_ERROR;
				GCC_WARN_UNDECLARED_SELECTOR = YES;
				GCC_WARN_UNINITIALIZED_AUTOS = YES_AGGRESSIVE;
				GCC_WARN_UNUSED_FUNCTION = YES;
				GCC_WARN_UNUSED_VARIABLE = YES;
				IPHONEOS_DEPLOYMENT_TARGET = 10.0;
				MTL_ENABLE_DEBUG_INFO = NO;
				SDKROOT = iphoneos;
				SWIFT_OPTIMIZATION_LEVEL = "-Owholemodule";
				TARGETED_DEVICE_FAMILY = "1,2";
				VALIDATE_PRODUCT = YES;
			};
			name = Release;
		};
		81C793851D606DD9004C7954 /* Debug */ = {
			isa = XCBuildConfiguration;
			buildSettings = {
				ASSETCATALOG_COMPILER_APPICON_NAME = AppIcon;
				DEVELOPMENT_TEAM = J57HZNN3MN;
				INFOPLIST_FILE = pokedex3/Info.plist;
				LD_RUNPATH_SEARCH_PATHS = "$(inherited) @executable_path/Frameworks";
				PRODUCT_BUNDLE_IDENTIFIER = com.idevios.pokedex3;
				PRODUCT_NAME = "$(TARGET_NAME)";
				SWIFT_VERSION = 3.0;
			};
			name = Debug;
		};
		81C793861D606DD9004C7954 /* Release */ = {
			isa = XCBuildConfiguration;
			buildSettings = {
				ASSETCATALOG_COMPILER_APPICON_NAME = AppIcon;
				DEVELOPMENT_TEAM = J57HZNN3MN;
				INFOPLIST_FILE = pokedex3/Info.plist;
				LD_RUNPATH_SEARCH_PATHS = "$(inherited) @executable_path/Frameworks";
				PRODUCT_BUNDLE_IDENTIFIER = com.idevios.pokedex3;
				PRODUCT_NAME = "$(TARGET_NAME)";
				SWIFT_VERSION = 3.0;
			};
			name = Release;
		};
/* End XCBuildConfiguration section */

/* Begin XCConfigurationList section */
		81C7936D1D606DD9004C7954 /* Build configuration list for PBXProject "pokedex3" */ = {
			isa = XCConfigurationList;
			buildConfigurations = (
				81C793821D606DD9004C7954 /* Debug */,
				81C793831D606DD9004C7954 /* Release */,
			);
			defaultConfigurationIsVisible = 0;
			defaultConfigurationName = Release;
		};
		81C793841D606DD9004C7954 /* Build configuration list for PBXNativeTarget "pokedex3" */ = {
			isa = XCConfigurationList;
			buildConfigurations = (
				81C793851D606DD9004C7954 /* Debug */,
				81C793861D606DD9004C7954 /* Release */,
			);
			defaultConfigurationIsVisible = 0;
			defaultConfigurationName = Release;
		};
/* End XCConfigurationList section */
	};
	rootObject = 81C7936A1D606DD9004C7954 /* Project object */;
}
